
Microsoft Visual Studio Solution File, Format Version 12.00
# Visual Studio 15
Project("{FAE04EC0-301F-11D3-BF4B-00C04F79EFBC}") = "MVCWeatherAPILab", "MVCWeatherAPILab\MVCWeatherAPILab.csproj", "{39B0F3A7-0AE6-48B3-978A-2EC9FE31CE21}"
EndProject
Global
	GlobalSection(SolutionConfigurationPlatforms) = preSolution
		Debug|Any CPU = Debug|Any CPU
		Release|Any CPU = Release|Any CPU
	EndGlobalSection
	GlobalSection(ProjectConfigurationPlatforms) = postSolution
		{39B0F3A7-0AE6-48B3-978A-2EC9FE31CE21}.Debug|Any CPU.ActiveCfg = Debug|Any CPU
		{39B0F3A7-0AE6-48B3-978A-2EC9FE31CE21}.Debug|Any CPU.Build.0 = Debug|Any CPU
		{39B0F3A7-0AE6-48B3-978A-2EC9FE31CE21}.Release|Any CPU.ActiveCfg = Release|Any CPU
		{39B0F3A7-0AE6-48B3-978A-2EC9FE31CE21}.Release|Any CPU.Build.0 = Release|Any CPU
	EndGlobalSection
EndGlobal
